// !$*UTF8*$!
{
	archiveVersion = 1;
	classes = {
	};
	objectVersion = 46;
	objects = {

/* Begin PBXBuildFile section */
		1C6727CAE9F4467F3FA12ADD /* Pods_mySocial.framework in Frameworks */ = {isa = PBXBuildFile; fileRef = B37DC4A509F8C7C4261D9927 /* Pods_mySocial.framework */; };
		9E6243CB1EBC5C8F00A80475 /* AppDelegate.swift in Sources */ = {isa = PBXBuildFile; fileRef = 9E6243CA1EBC5C8F00A80475 /* AppDelegate.swift */; };
		9E6243CD1EBC5C8F00A80475 /* signInVC.swift in Sources */ = {isa = PBXBuildFile; fileRef = 9E6243CC1EBC5C8F00A80475 /* signInVC.swift */; };
		9E6243D01EBC5C8F00A80475 /* Main.storyboard in Resources */ = {isa = PBXBuildFile; fileRef = 9E6243CE1EBC5C8F00A80475 /* Main.storyboard */; };
		9E6243D21EBC5C8F00A80475 /* Assets.xcassets in Resources */ = {isa = PBXBuildFile; fileRef = 9E6243D11EBC5C8F00A80475 /* Assets.xcassets */; };
		9E6243D51EBC5C8F00A80475 /* LaunchScreen.storyboard in Resources */ = {isa = PBXBuildFile; fileRef = 9E6243D31EBC5C8F00A80475 /* LaunchScreen.storyboard */; };
		9E6243DD1EBC5E8000A80475 /* GoogleService-Info.plist in Resources */ = {isa = PBXBuildFile; fileRef = 9E6243DC1EBC5E8000A80475 /* GoogleService-Info.plist */; };
/* End PBXBuildFile section */

/* Begin PBXFileReference section */
		9E6243C71EBC5C8F00A80475 /* mySocial.app */ = {isa = PBXFileReference; explicitFileType = wrapper.application; includeInIndex = 0; path = mySocial.app; sourceTree = BUILT_PRODUCTS_DIR; };
		9E6243CA1EBC5C8F00A80475 /* AppDelegate.swift */ = {isa = PBXFileReference; lastKnownFileType = sourcecode.swift; path = AppDelegate.swift; sourceTree = "<group>"; };
		9E6243CC1EBC5C8F00A80475 /* signInVC.swift */ = {isa = PBXFileReference; lastKnownFileType = sourcecode.swift; path = signInVC.swift; sourceTree = "<group>"; };
		9E6243CF1EBC5C8F00A80475 /* Base */ = {isa = PBXFileReference; lastKnownFileType = file.storyboard; name = Base; path = Base.lproj/Main.storyboard; sourceTree = "<group>"; };
		9E6243D11EBC5C8F00A80475 /* Assets.xcassets */ = {isa = PBXFileReference; lastKnownFileType = folder.assetcatalog; path = Assets.xcassets; sourceTree = "<group>"; };
		9E6243D41EBC5C8F00A80475 /* Base */ = {isa = PBXFileReference; lastKnownFileType = file.storyboard; name = Base; path = Base.lproj/LaunchScreen.storyboard; sourceTree = "<group>"; };
		9E6243D61EBC5C8F00A80475 /* Info.plist */ = {isa = PBXFileReference; lastKnownFileType = text.plist.xml; path = Info.plist; sourceTree = "<group>"; };
		9E6243DC1EBC5E8000A80475 /* GoogleService-Info.plist */ = {isa = PBXFileReference; fileEncoding = 4; lastKnownFileType = text.plist.xml; path = "GoogleService-Info.plist"; sourceTree = "<group>"; };
		B37DC4A509F8C7C4261D9927 /* Pods_mySocial.framework */ = {isa = PBXFileReference; explicitFileType = wrapper.framework; includeInIndex = 0; path = Pods_mySocial.framework; sourceTree = BUILT_PRODUCTS_DIR; };
		C51C355CC64C252E9727483C /* Pods-mySocial.debug.xcconfig */ = {isa = PBXFileReference; includeInIndex = 1; lastKnownFileType = text.xcconfig; name = "Pods-mySocial.debug.xcconfig"; path = "Pods/Target Support Files/Pods-mySocial/Pods-mySocial.debug.xcconfig"; sourceTree = "<group>"; };
		DD3D7120CAD16CEB9A6505D2 /* Pods-mySocial.release.xcconfig */ = {isa = PBXFileReference; includeInIndex = 1; lastKnownFileType = text.xcconfig; name = "Pods-mySocial.release.xcconfig"; path = "Pods/Target Support Files/Pods-mySocial/Pods-mySocial.release.xcconfig"; sourceTree = "<group>"; };
/* End PBXFileReference section */

/* Begin PBXFrameworksBuildPhase section */
		9E6243C41EBC5C8F00A80475 /* Frameworks */ = {
			isa = PBXFrameworksBuildPhase;
			buildActionMask = 2147483647;
			files = (
				1C6727CAE9F4467F3FA12ADD /* Pods_mySocial.framework in Frameworks */,
			);
			runOnlyForDeploymentPostprocessing = 0;
		};
/* End PBXFrameworksBuildPhase section */

/* Begin PBXGroup section */
		9E6243BE1EBC5C8F00A80475 = {
			isa = PBXGroup;
			children = (
				9E6243C91EBC5C8F00A80475 /* mySocial */,
				9E6243C81EBC5C8F00A80475 /* Products */,
				CC371995F744C80D02919589 /* Pods */,
				B3BFE8B5126BF8ECFD8998FF /* Frameworks */,
			);
			sourceTree = "<group>";
		};
		9E6243C81EBC5C8F00A80475 /* Products */ = {
			isa = PBXGroup;
			children = (
				9E6243C71EBC5C8F00A80475 /* mySocial.app */,
			);
			name = Products;
			sourceTree = "<group>";
		};
		9E6243C91EBC5C8F00A80475 /* mySocial */ = {
			isa = PBXGroup;
			children = (
				9E6243E01EBC61C500A80475 /* Controller */,
				9E6243DF1EBC61C000A80475 /* View */,
				9E6243DE1EBC61B800A80475 /* Model */,
				9E6243CA1EBC5C8F00A80475 /* AppDelegate.swift */,
				9E6243CE1EBC5C8F00A80475 /* Main.storyboard */,
				9E6243D11EBC5C8F00A80475 /* Assets.xcassets */,
				9E6243D31EBC5C8F00A80475 /* LaunchScreen.storyboard */,
				9E6243D61EBC5C8F00A80475 /* Info.plist */,
				9E6243DC1EBC5E8000A80475 /* GoogleService-Info.plist */,
			);
			path = mySocial;
			sourceTree = "<group>";
		};
		9E6243DE1EBC61B800A80475 /* Model */ = {
			isa = PBXGroup;
			children = (
			);
			name = Model;
			sourceTree = "<group>";
		};
		9E6243DF1EBC61C000A80475 /* View */ = {
			isa = PBXGroup;
			children = (
			);
			name = View;
			sourceTree = "<group>";
		};
		9E6243E01EBC61C500A80475 /* Controller */ = {
			isa = PBXGroup;
			children = (
				9E6243CC1EBC5C8F00A80475 /* signInVC.swift */,
			);
			name = Controller;
			sourceTree = "<group>";
		};
		B3BFE8B5126BF8ECFD8998FF /* Frameworks */ = {
			isa = PBXGroup;
			children = (
				B37DC4A509F8C7C4261D9927 /* Pods_mySocial.framework */,
			);
			name = Frameworks;
			sourceTree = "<group>";
		};
		CC371995F744C80D02919589 /* Pods */ = {
			isa = PBXGroup;
			children = (
				C51C355CC64C252E9727483C /* Pods-mySocial.debug.xcconfig */,
				DD3D7120CAD16CEB9A6505D2 /* Pods-mySocial.release.xcconfig */,
			);
			name = Pods;
			sourceTree = "<group>";
		};
/* End PBXGroup section */

/* Begin PBXNativeTarget section */
		9E6243C61EBC5C8F00A80475 /* mySocial */ = {
			isa = PBXNativeTarget;
			buildConfigurationList = 9E6243D91EBC5C8F00A80475 /* Build configuration list for PBXNativeTarget "mySocial" */;
			buildPhases = (
				66DF35976B9BBD809683E10A /* [CP] Check Pods Manifest.lock */,
				9E6243C31EBC5C8F00A80475 /* Sources */,
				9E6243C41EBC5C8F00A80475 /* Frameworks */,
				9E6243C51EBC5C8F00A80475 /* Resources */,
				1553EE703D3189E7F0137635 /* [CP] Embed Pods Frameworks */,
				27D2E747D2DA5D1CCFFBF65C /* [CP] Copy Pods Resources */,
			);
			buildRules = (
			);
			dependencies = (
			);
			name = mySocial;
			productName = mySocial;
			productReference = 9E6243C71EBC5C8F00A80475 /* mySocial.app */;
			productType = "com.apple.product-type.application";
		};
/* End PBXNativeTarget section */

/* Begin PBXProject section */
		9E6243BF1EBC5C8F00A80475 /* Project object */ = {
			isa = PBXProject;
			attributes = {
				LastSwiftUpdateCheck = 0820;
				LastUpgradeCheck = 0820;
				ORGANIZATIONNAME = KaranAngal;
				TargetAttributes = {
					9E6243C61EBC5C8F00A80475 = {
						CreatedOnToolsVersion = 8.2.1;
						ProvisioningStyle = Automatic;
					};
				};
			};
			buildConfigurationList = 9E6243C21EBC5C8F00A80475 /* Build configuration list for PBXProject "mySocial" */;
			compatibilityVersion = "Xcode 3.2";
			developmentRegion = English;
			hasScannedForEncodings = 0;
			knownRegions = (
				en,
				Base,
			);
			mainGroup = 9E6243BE1EBC5C8F00A80475;
			productRefGroup = 9E6243C81EBC5C8F00A80475 /* Products */;
			projectDirPath = "";
			projectRoot = "";
			targets = (
				9E6243C61EBC5C8F00A80475 /* mySocial */,
			);
		};
/* End PBXProject section */

/* Begin PBXResourcesBuildPhase section */
		9E6243C51EBC5C8F00A80475 /* Resources */ = {
			isa = PBXResourcesBuildPhase;
			buildActionMask = 2147483647;
			files = (
				9E6243D51EBC5C8F00A80475 /* LaunchScreen.storyboard in Resources */,
				9E6243D21EBC5C8F00A80475 /* Assets.xcassets in Resources */,
				9E6243DD1EBC5E8000A80475 /* GoogleService-Info.plist in Resources */,
				9E6243D01EBC5C8F00A80475 /* Main.storyboard in Resources */,
			);
			runOnlyForDeploymentPostprocessing = 0;
		};
/* End PBXResourcesBuildPhase section */

/* Begin PBXShellScriptBuildPhase section */
		1553EE703D3189E7F0137635 /* [CP] Embed Pods Frameworks */ = {
			isa = PBXShellScriptBuildPhase;
			buildActionMask = 2147483647;
			files = (
			);
			inputPaths = (
			);
			name = "[CP] Embed Pods Frameworks";
			outputPaths = (
			);
			runOnlyForDeploymentPostprocessing = 0;
			shellPath = /bin/sh;
			shellScript = "\"${SRCROOT}/Pods/Target Support Files/Pods-mySocial/Pods-mySocial-frameworks.sh\"\n";
			showEnvVarsInLog = 0;
		};
		27D2E747D2DA5D1CCFFBF65C /* [CP] Copy Pods Resources */ = {
			isa = PBXShellScriptBuildPhase;
			buildActionMask = 2147483647;
			files = (
			);
			inputPaths = (
			);
			name = "[CP] Copy Pods Resources";
			outputPaths = (
			);
			runOnlyForDeploymentPostprocessing = 0;
			shellPath = /bin/sh;
			shellScript = "\"${SRCROOT}/Pods/Target Support Files/Pods-mySocial/Pods-mySocial-resources.sh\"\n";
			showEnvVarsInLog = 0;
		};
		66DF35976B9BBD809683E10A /* [CP] Check Pods Manifest.lock */ = {
			isa = PBXShellScriptBuildPhase;
			buildActionMask = 2147483647;
			files = (
			);
			inputPaths = (
			);
			name = "[CP] Check Pods Manifest.lock";
			outputPaths = (
			);
			runOnlyForDeploymentPostprocessing = 0;
			shellPath = /bin/sh;
			shellScript = "diff \"${PODS_PODFILE_DIR_PATH}/Podfile.lock\" \"${PODS_ROOT}/Manifest.lock\" > /dev/null\nif [ $? != 0 ] ; then\n    # print error to STDERR\n    echo \"error: The sandbox is not in sync with the Podfile.lock. Run 'pod install' or update your CocoaPods installation.\" >&2\n    exit 1\nfi\n";
			showEnvVarsInLog = 0;
		};
/* End PBXShellScriptBuildPhase section */

/* Begin PBXSourcesBuildPhase section */
		9E6243C31EBC5C8F00A80475 /* Sources */ = {
			isa = PBXSourcesBuildPhase;
			buildActionMask = 2147483647;
			files = (
				9E6243CD1EBC5C8F00A80475 /* signInVC.swift in Sources */,
				9E6243CB1EBC5C8F00A80475 /* AppDelegate.swift in Sources */,
			);
			runOnlyForDeploymentPostprocessing = 0;
		};
/* End PBXSourcesBuildPhase section */

/* Begin PBXVariantGroup section */
		9E6243CE1EBC5C8F00A80475 /* Main.storyboard */ = {
			isa = PBXVariantGroup;
			children = (
				9E6243CF1EBC5C8F00A80475 /* Base */,
			);
			name = Main.storyboard;
			sourceTree = "<group>";
		};
		9E6243D31EBC5C8F00A80475 /* LaunchScreen.storyboard */ = {
			isa = PBXVariantGroup;
			children = (
				9E6243D41EBC5C8F00A80475 /* Base */,
			);
			name = LaunchScreen.storyboard;
			sourceTree = "<group>";
		};
/* End PBXVariantGroup section */

/* Begin XCBuildConfiguration section */
		9E6243D71EBC5C8F00A80475 /* Debug */ = {
			isa = XCBuildConfiguration;
			buildSettings = {
				ALWAYS_SEARCH_USER_PATHS = NO;
				CLANG_ANALYZER_NONNULL = YES;
				CLANG_CXX_LANGUAGE_STANDARD = "gnu++0x";
				CLANG_CXX_LIBRARY = "libc++";
				CLANG_ENABLE_MODULES = YES;
				CLANG_ENABLE_OBJC_ARC = YES;
				CLANG_WARN_BOOL_CONVERSION = YES;
				CLANG_WARN_CONSTANT_CONVERSION = YES;
				CLANG_WARN_DIRECT_OBJC_ISA_USAGE = YES_ERROR;
				CLANG_WARN_DOCUMENTATION_COMMENTS = YES;
				CLANG_WARN_EMPTY_BODY = YES;
				CLANG_WARN_ENUM_CONVERSION = YES;
				CLANG_WARN_INFINITE_RECURSION = YES;
				CLANG_WARN_INT_CONVERSION = YES;
				CLANG_WARN_OBJC_ROOT_CLASS = YES_ERROR;
				CLANG_WARN_SUSPICIOUS_MOVE = YES;
				CLANG_WARN_UNREACHABLE_CODE = YES;
				CLANG_WARN__DUPLICATE_METHOD_MATCH = YES;
				"CODE_SIGN_IDENTITY[sdk=iphoneos*]" = "iPhone Developer";
				COPY_PHASE_STRIP = NO;
				DEBUG_INFORMATION_FORMAT = dwarf;
				ENABLE_STRICT_OBJC_MSGSEND = YES;
				ENABLE_TESTABILITY = YES;
				GCC_C_LANGUAGE_STANDARD = gnu99;
				GCC_DYNAMIC_NO_PIC = NO;
				GCC_NO_COMMON_BLOCKS = YES;
				GCC_OPTIMIZATION_LEVEL = 0;
				GCC_PREPROCESSOR_DEFINITIONS = (
					"DEBUG=1",
					"$(inherited)",
				);
				GCC_WARN_64_TO_32_BIT_CONVERSION = YES;
				GCC_WARN_ABOUT_RETURN_TYPE = YES_ERROR;
				GCC_WARN_UNDECLARED_SELECTOR = YES;
				GCC_WARN_UNINITIALIZED_AUTOS = YES_AGGRESSIVE;
				GCC_WARN_UNUSED_FUNCTION = YES;
				GCC_WARN_UNUSED_VARIABLE = YES;
				IPHONEOS_DEPLOYMENT_TARGET = 10.2;
				MTL_ENABLE_DEBUG_INFO = YES;
				ONLY_ACTIVE_ARCH = YES;
				SDKROOT = iphoneos;
				SWIFT_ACTIVE_COMPILATION_CONDITIONS = DEBUG;
				SWIFT_OPTIMIZATION_LEVEL = "-Onone";
				TARGETED_DEVICE_FAMILY = "1,2";
			};
			name = Debug;
		};
		9E6243D81EBC5C8F00A80475 /* Release */ = {
			isa = XCBuildConfiguration;
			buildSettings = {
				ALWAYS_SEARCH_USER_PATHS = NO;
				CLANG_ANALYZER_NONNULL = YES;
				CLANG_CXX_LANGUAGE_STANDARD = "gnu++0x";
				CLANG_CXX_LIBRARY = "libc++";
				CLANG_ENABLE_MODULES = YES;
				CLANG_ENABLE_OBJC_ARC = YES;
				CLANG_WARN_BOOL_CONVERSION = YES;
				CLANG_WARN_CONSTANT_CONVERSION = YES;
				CLANG_WARN_DIRECT_OBJC_ISA_USAGE = YES_ERROR;
				CLANG_WARN_DOCUMENTATION_COMMENTS = YES;
				CLANG_WARN_EMPTY_BODY = YES;
				CLANG_WARN_ENUM_CONVERSION = YES;
				CLANG_WARN_INFINITE_RECURSION = YES;
				CLANG_WARN_INT_CONVERSION = YES;
				CLANG_WARN_OBJC_ROOT_CLASS = YES_ERROR;
				CLANG_WARN_SUSPICIOUS_MOVE = YES;
				CLANG_WARN_UNREACHABLE_CODE = YES;
				CLANG_WARN__DUPLICATE_METHOD_MATCH = YES;
				"CODE_SIGN_IDENTITY[sdk=iphoneos*]" = "iPhone Developer";
				COPY_PHASE_STRIP = NO;
				DEBUG_INFORMATION_FORMAT = "dwarf-with-dsym";
				ENABLE_NS_ASSERTIONS = NO;
				ENABLE_STRICT_OBJC_MSGSEND = YES;
				GCC_C_LANGUAGE_STANDARD = gnu99;
				GCC_NO_COMMON_BLOCKS = YES;
				GCC_WARN_64_TO_32_BIT_CONVERSION = YES;
				GCC_WARN_ABOUT_RETURN_TYPE = YES_ERROR;
				GCC_WARN_UNDECLARED_SELECTOR = YES;
				GCC_WARN_UNINITIALIZED_AUTOS = YES_AGGRESSIVE;
				GCC_WARN_UNUSED_FUNCTION = YES;
				GCC_WARN_UNUSED_VARIABLE = YES;
				IPHONEOS_DEPLOYMENT_TARGET = 10.2;
				MTL_ENABLE_DEBUG_INFO = NO;
				SDKROOT = iphoneos;
				SWIFT_OPTIMIZATION_LEVEL = "-Owholemodule";
				TARGETED_DEVICE_FAMILY = "1,2";
				VALIDATE_PRODUCT = YES;
			};
			name = Release;
		};
		9E6243DA1EBC5C8F00A80475 /* Debug */ = {
			isa = XCBuildConfiguration;
			baseConfigurationReference = C51C355CC64C252E9727483C /* Pods-mySocial.debug.xcconfig */;
			buildSettings = {
				ASSETCATALOG_COMPILER_APPICON_NAME = AppIcon;
				INFOPLIST_FILE = mySocial/Info.plist;
				LD_RUNPATH_SEARCH_PATHS = "$(inherited) @executable_path/Frameworks";
				PRODUCT_BUNDLE_IDENTIFIER = com.Angal.mySocial;
				PRODUCT_NAME = "$(TARGET_NAME)";
				SWIFT_VERSION = 3.0;
			};
			name = Debug;
		};
		9E6243DB1EBC5C8F00A80475 /* Release */ = {
			isa = XCBuildConfiguration;
			baseConfigurationReference = DD3D7120CAD16CEB9A6505D2 /* Pods-mySocial.release.xcconfig */;
			buildSettings = {
				ASSETCATALOG_COMPILER_APPICON_NAME = AppIcon;
				INFOPLIST_FILE = mySocial/Info.plist;
				LD_RUNPATH_SEARCH_PATHS = "$(inherited) @executable_path/Frameworks";
				PRODUCT_BUNDLE_IDENTIFIER = com.Angal.mySocial;
				PRODUCT_NAME = "$(TARGET_NAME)";
				SWIFT_VERSION = 3.0;
			};
			name = Release;
		};
/* End XCBuildConfiguration section */

/* Begin XCConfigurationList section */
		9E6243C21EBC5C8F00A80475 /* Build configuration list for PBXProject "mySocial" */ = {
			isa = XCConfigurationList;
			buildConfigurations = (
				9E6243D71EBC5C8F00A80475 /* Debug */,
				9E6243D81EBC5C8F00A80475 /* Release */,
			);
			defaultConfigurationIsVisible = 0;
			defaultConfigurationName = Release;
		};
		9E6243D91EBC5C8F00A80475 /* Build configuration list for PBXNativeTarget "mySocial" */ = {
			isa = XCConfigurationList;
			buildConfigurations = (
				9E6243DA1EBC5C8F00A80475 /* Debug */,
				9E6243DB1EBC5C8F00A80475 /* Release */,
			);
			defaultConfigurationIsVisible = 0;
			defaultConfigurationName = Release;
		};
/* End XCConfigurationList section */
	};
	rootObject = 9E6243BF1EBC5C8F00A80475 /* Project object */;
}
